
Microsoft Visual Studio Solution File, Format Version 12.00
# Visual Studio Version 17
VisualStudioVersion = 17.8.34330.188
MinimumVisualStudioVersion = 10.0.40219.1
Project("{FAE04EC0-301F-11D3-BF4B-00C04F79EFBC}") = "29.1 Enum", "29.1 Enum\29.1 Enum.csproj", "{7DB7F53E-C98A-4F71-9526-A0D9F484C8F7}"
EndProject
Global
	GlobalSection(SolutionConfigurationPlatforms) = preSolution
		Debug|Any CPU = Debug|Any CPU
		Release|Any CPU = Release|Any CPU
	EndGlobalSection
	GlobalSection(ProjectConfigurationPlatforms) = postSolution
		{7DB7F53E-C98A-4F71-9526-A0D9F484C8F7}.Debug|Any CPU.ActiveCfg = Debug|Any CPU
		{7DB7F53E-C98A-4F71-9526-A0D9F484C8F7}.Debug|Any CPU.Build.0 = Debug|Any CPU
		{7DB7F53E-C98A-4F71-9526-A0D9F484C8F7}.Release|Any CPU.ActiveCfg = Release|Any CPU
		{7DB7F53E-C98A-4F71-9526-A0D9F484C8F7}.Release|Any CPU.Build.0 = Release|Any CPU
	EndGlobalSection
	GlobalSection(SolutionProperties) = preSolution
		HideSolutionNode = FALSE
	EndGlobalSection
	GlobalSection(ExtensibilityGlobals) = postSolution
		SolutionGuid = {876BDA3E-D11B-4B1E-AECF-26872A22E5DA}
	EndGlobalSection
EndGlobal
